// !$*UTF8*$!
{
	archiveVersion = 1;
	classes = {
	};
	objectVersion = 56;
	objects = {

/* Begin PBXBuildFile section */
		5811D2E32B91ACAE00CFDB63 /* AppDelegate.swift in Sources */ = {isa = PBXBuildFile; fileRef = 5811D2E22B91ACAE00CFDB63 /* AppDelegate.swift */; };
		5811D2E52B91ACAE00CFDB63 /* SceneDelegate.swift in Sources */ = {isa = PBXBuildFile; fileRef = 5811D2E42B91ACAE00CFDB63 /* SceneDelegate.swift */; };
		5811D2EA2B91ACAE00CFDB63 /* Main.storyboard in Resources */ = {isa = PBXBuildFile; fileRef = 5811D2E82B91ACAE00CFDB63 /* Main.storyboard */; };
		5811D2ED2B91ACAE00CFDB63 /* Inspire.xcdatamodeld in Sources */ = {isa = PBXBuildFile; fileRef = 5811D2EB2B91ACAE00CFDB63 /* Inspire.xcdatamodeld */; };
		5811D2EF2B91ACB100CFDB63 /* Assets.xcassets in Resources */ = {isa = PBXBuildFile; fileRef = 5811D2EE2B91ACB100CFDB63 /* Assets.xcassets */; };
		5811D2F22B91ACB100CFDB63 /* LaunchScreen.storyboard in Resources */ = {isa = PBXBuildFile; fileRef = 5811D2F02B91ACB100CFDB63 /* LaunchScreen.storyboard */; };
		5811D2FA2B91C01000CFDB63 /* QuotesTableViewController.swift in Sources */ = {isa = PBXBuildFile; fileRef = 5811D2F92B91C01000CFDB63 /* QuotesTableViewController.swift */; };
/* End PBXBuildFile section */

/* Begin PBXFileReference section */
		5811D2DF2B91ACAE00CFDB63 /* Inspire.app */ = {isa = PBXFileReference; explicitFileType = wrapper.application; includeInIndex = 0; path = Inspire.app; sourceTree = BUILT_PRODUCTS_DIR; };
		5811D2E22B91ACAE00CFDB63 /* AppDelegate.swift */ = {isa = PBXFileReference; lastKnownFileType = sourcecode.swift; path = AppDelegate.swift; sourceTree = "<group>"; };
		5811D2E42B91ACAE00CFDB63 /* SceneDelegate.swift */ = {isa = PBXFileReference; lastKnownFileType = sourcecode.swift; path = SceneDelegate.swift; sourceTree = "<group>"; };
		5811D2E92B91ACAE00CFDB63 /* Base */ = {isa = PBXFileReference; lastKnownFileType = file.storyboard; name = Base; path = Base.lproj/Main.storyboard; sourceTree = "<group>"; };
		5811D2EC2B91ACAE00CFDB63 /* Inspire.xcdatamodel */ = {isa = PBXFileReference; lastKnownFileType = wrapper.xcdatamodel; path = Inspire.xcdatamodel; sourceTree = "<group>"; };
		5811D2EE2B91ACB100CFDB63 /* Assets.xcassets */ = {isa = PBXFileReference; lastKnownFileType = folder.assetcatalog; path = Assets.xcassets; sourceTree = "<group>"; };
		5811D2F12B91ACB100CFDB63 /* Base */ = {isa = PBXFileReference; lastKnownFileType = file.storyboard; name = Base; path = Base.lproj/LaunchScreen.storyboard; sourceTree = "<group>"; };
		5811D2F32B91ACB100CFDB63 /* Info.plist */ = {isa = PBXFileReference; lastKnownFileType = text.plist.xml; path = Info.plist; sourceTree = "<group>"; };
		5811D2F92B91C01000CFDB63 /* QuotesTableViewController.swift */ = {isa = PBXFileReference; lastKnownFileType = sourcecode.swift; path = QuotesTableViewController.swift; sourceTree = "<group>"; };
/* End PBXFileReference section */

/* Begin PBXFrameworksBuildPhase section */
		5811D2DC2B91ACAE00CFDB63 /* Frameworks */ = {
			isa = PBXFrameworksBuildPhase;
			buildActionMask = 2147483647;
			files = (
			);
			runOnlyForDeploymentPostprocessing = 0;
		};
/* End PBXFrameworksBuildPhase section */

/* Begin PBXGroup section */
		5811D2D62B91ACAD00CFDB63 = {
			isa = PBXGroup;
			children = (
				5811D2E12B91ACAE00CFDB63 /* Inspire */,
				5811D2E02B91ACAE00CFDB63 /* Products */,
			);
			sourceTree = "<group>";
		};
		5811D2E02B91ACAE00CFDB63 /* Products */ = {
			isa = PBXGroup;
			children = (
				5811D2DF2B91ACAE00CFDB63 /* Inspire.app */,
			);
			name = Products;
			sourceTree = "<group>";
		};
		5811D2E12B91ACAE00CFDB63 /* Inspire */ = {
			isa = PBXGroup;
			children = (
				5811D2E22B91ACAE00CFDB63 /* AppDelegate.swift */,
				5811D2E42B91ACAE00CFDB63 /* SceneDelegate.swift */,
				5811D2F92B91C01000CFDB63 /* QuotesTableViewController.swift */,
				5811D2E82B91ACAE00CFDB63 /* Main.storyboard */,
				5811D2EE2B91ACB100CFDB63 /* Assets.xcassets */,
				5811D2F02B91ACB100CFDB63 /* LaunchScreen.storyboard */,
				5811D2F32B91ACB100CFDB63 /* Info.plist */,
				5811D2EB2B91ACAE00CFDB63 /* Inspire.xcdatamodeld */,
			);
			path = Inspire;
			sourceTree = "<group>";
		};
/* End PBXGroup section */

/* Begin PBXNativeTarget section */
		5811D2DE2B91ACAE00CFDB63 /* Inspire */ = {
			isa = PBXNativeTarget;
			buildConfigurationList = 5811D2F62B91ACB100CFDB63 /* Build configuration list for PBXNativeTarget "Inspire" */;
			buildPhases = (
				5811D2DB2B91ACAE00CFDB63 /* Sources */,
				5811D2DC2B91ACAE00CFDB63 /* Frameworks */,
				5811D2DD2B91ACAE00CFDB63 /* Resources */,
			);
			buildRules = (
			);
			dependencies = (
			);
			name = Inspire;
			productName = Inspire;
			productReference = 5811D2DF2B91ACAE00CFDB63 /* Inspire.app */;
			productType = "com.apple.product-type.application";
		};
/* End PBXNativeTarget section */

/* Begin PBXProject section */
		5811D2D72B91ACAD00CFDB63 /* Project object */ = {
			isa = PBXProject;
			attributes = {
				BuildIndependentTargetsInParallel = 1;
				LastSwiftUpdateCheck = 1420;
				LastUpgradeCheck = 1420;
				TargetAttributes = {
					5811D2DE2B91ACAE00CFDB63 = {
						CreatedOnToolsVersion = 14.2;
					};
				};
			};
			buildConfigurationList = 5811D2DA2B91ACAD00CFDB63 /* Build configuration list for PBXProject "Inspire" */;
			compatibilityVersion = "Xcode 14.0";
			developmentRegion = en;
			hasScannedForEncodings = 0;
			knownRegions = (
				en,
				Base,
			);
			mainGroup = 5811D2D62B91ACAD00CFDB63;
			productRefGroup = 5811D2E02B91ACAE00CFDB63 /* Products */;
			projectDirPath = "";
			projectRoot = "";
			targets = (
				5811D2DE2B91ACAE00CFDB63 /* Inspire */,
			);
		};
/* End PBXProject section */

/* Begin PBXResourcesBuildPhase section */
		5811D2DD2B91ACAE00CFDB63 /* Resources */ = {
			isa = PBXResourcesBuildPhase;
			buildActionMask = 2147483647;
			files = (
				5811D2F22B91ACB100CFDB63 /* LaunchScreen.storyboard in Resources */,
				5811D2EF2B91ACB100CFDB63 /* Assets.xcassets in Resources */,
				5811D2EA2B91ACAE00CFDB63 /* Main.storyboard in Resources */,
			);
			runOnlyForDeploymentPostprocessing = 0;
		};
/* End PBXResourcesBuildPhase section */

/* Begin PBXSourcesBuildPhase section */
		5811D2DB2B91ACAE00CFDB63 /* Sources */ = {
			isa = PBXSourcesBuildPhase;
			buildActionMask = 2147483647;
			files = (
				5811D2E32B91ACAE00CFDB63 /* AppDelegate.swift in Sources */,
				5811D2ED2B91ACAE00CFDB63 /* Inspire.xcdatamodeld in Sources */,
				5811D2FA2B91C01000CFDB63 /* QuotesTableViewController.swift in Sources */,
				5811D2E52B91ACAE00CFDB63 /* SceneDelegate.swift in Sources */,
			);
			runOnlyForDeploymentPostprocessing = 0;
		};
/* End PBXSourcesBuildPhase section */

/* Begin PBXVariantGroup section */
		5811D2E82B91ACAE00CFDB63 /* Main.storyboard */ = {
			isa = PBXVariantGroup;
			children = (
				5811D2E92B91ACAE00CFDB63 /* Base */,
			);
			name = Main.storyboard;
			sourceTree = "<group>";
		};
		5811D2F02B91ACB100CFDB63 /* LaunchScreen.storyboard */ = {
			isa = PBXVariantGroup;
			children = (
				5811D2F12B91ACB100CFDB63 /* Base */,
			);
			name = LaunchScreen.storyboard;
			sourceTree = "<group>";
		};
/* End PBXVariantGroup section */

/* Begin XCBuildConfiguration section */
		5811D2F42B91ACB100CFDB63 /* Debug */ = {
			isa = XCBuildConfiguration;
			buildSettings = {
				ALWAYS_SEARCH_USER_PATHS = NO;
				CLANG_ANALYZER_NONNULL = YES;
				CLANG_ANALYZER_NUMBER_OBJECT_CONVERSION = YES_AGGRESSIVE;
				CLANG_CXX_LANGUAGE_STANDARD = "gnu++20";
				CLANG_ENABLE_MODULES = YES;
				CLANG_ENABLE_OBJC_ARC = YES;
				CLANG_ENABLE_OBJC_WEAK = YES;
				CLANG_WARN_BLOCK_CAPTURE_AUTORELEASING = YES;
				CLANG_WARN_BOOL_CONVERSION = YES;
				CLANG_WARN_COMMA = YES;
				CLANG_WARN_CONSTANT_CONVERSION = YES;
				CLANG_WARN_DEPRECATED_OBJC_IMPLEMENTATIONS = YES;
				CLANG_WARN_DIRECT_OBJC_ISA_USAGE = YES_ERROR;
				CLANG_WARN_DOCUMENTATION_COMMENTS = YES;
				CLANG_WARN_EMPTY_BODY = YES;
				CLANG_WARN_ENUM_CONVERSION = YES;
				CLANG_WARN_INFINITE_RECURSION = YES;
				CLANG_WARN_INT_CONVERSION = YES;
				CLANG_WARN_NON_LITERAL_NULL_CONVERSION = YES;
				CLANG_WARN_OBJC_IMPLICIT_RETAIN_SELF = YES;
				CLANG_WARN_OBJC_LITERAL_CONVERSION = YES;
				CLANG_WARN_OBJC_ROOT_CLASS = YES_ERROR;
				CLANG_WARN_QUOTED_INCLUDE_IN_FRAMEWORK_HEADER = YES;
				CLANG_WARN_RANGE_LOOP_ANALYSIS = YES;
				CLANG_WARN_STRICT_PROTOTYPES = YES;
				CLANG_WARN_SUSPICIOUS_MOVE = YES;
				CLANG_WARN_UNGUARDED_AVAILABILITY = YES_AGGRESSIVE;
				CLANG_WARN_UNREACHABLE_CODE = YES;
				CLANG_WARN__DUPLICATE_METHOD_MATCH = YES;
				COPY_PHASE_STRIP = NO;
				DEBUG_INFORMATION_FORMAT = dwarf;
				ENABLE_STRICT_OBJC_MSGSEND = YES;
				ENABLE_TESTABILITY = YES;
				GCC_C_LANGUAGE_STANDARD = gnu11;
				GCC_DYNAMIC_NO_PIC = NO;
				GCC_NO_COMMON_BLOCKS = YES;
				GCC_OPTIMIZATION_LEVEL = 0;
				GCC_PREPROCESSOR_DEFINITIONS = (
					"DEBUG=1",
					"$(inherited)",
				);
				GCC_WARN_64_TO_32_BIT_CONVERSION = YES;
				GCC_WARN_ABOUT_RETURN_TYPE = YES_ERROR;
				GCC_WARN_UNDECLARED_SELECTOR = YES;
				GCC_WARN_UNINITIALIZED_AUTOS = YES_AGGRESSIVE;
				GCC_WARN_UNUSED_FUNCTION = YES;
				GCC_WARN_UNUSED_VARIABLE = YES;
				IPHONEOS_DEPLOYMENT_TARGET = 16.2;
				MTL_ENABLE_DEBUG_INFO = INCLUDE_SOURCE;
				MTL_FAST_MATH = YES;
				ONLY_ACTIVE_ARCH = YES;
				SDKROOT = iphoneos;
				SWIFT_ACTIVE_COMPILATION_CONDITIONS = DEBUG;
				SWIFT_OPTIMIZATION_LEVEL = "-Onone";
			};
			name = Debug;
		};
		5811D2F52B91ACB100CFDB63 /* Release */ = {
			isa = XCBuildConfiguration;
			buildSettings = {
				ALWAYS_SEARCH_USER_PATHS = NO;
				CLANG_ANALYZER_NONNULL = YES;
				CLANG_ANALYZER_NUMBER_OBJECT_CONVERSION = YES_AGGRESSIVE;
				CLANG_CXX_LANGUAGE_STANDARD = "gnu++20";
				CLANG_ENABLE_MODULES = YES;
				CLANG_ENABLE_OBJC_ARC = YES;
				CLANG_ENABLE_OBJC_WEAK = YES;
				CLANG_WARN_BLOCK_CAPTURE_AUTORELEASING = YES;
				CLANG_WARN_BOOL_CONVERSION = YES;
				CLANG_WARN_COMMA = YES;
				CLANG_WARN_CONSTANT_CONVERSION = YES;
				CLANG_WARN_DEPRECATED_OBJC_IMPLEMENTATIONS = YES;
				CLANG_WARN_DIRECT_OBJC_ISA_USAGE = YES_ERROR;
				CLANG_WARN_DOCUMENTATION_COMMENTS = YES;
				CLANG_WARN_EMPTY_BODY = YES;
				CLANG_WARN_ENUM_CONVERSION = YES;
				CLANG_WARN_INFINITE_RECURSION = YES;
				CLANG_WARN_INT_CONVERSION = YES;
				CLANG_WARN_NON_LITERAL_NULL_CONVERSION = YES;
				CLANG_WARN_OBJC_IMPLICIT_RETAIN_SELF = YES;
				CLANG_WARN_OBJC_LITERAL_CONVERSION = YES;
				CLANG_WARN_OBJC_ROOT_CLASS = YES_ERROR;
				CLANG_WARN_QUOTED_INCLUDE_IN_FRAMEWORK_HEADER = YES;
				CLANG_WARN_RANGE_LOOP_ANALYSIS = YES;
				CLANG_WARN_STRICT_PROTOTYPES = YES;
				CLANG_WARN_SUSPICIOUS_MOVE = YES;
				CLANG_WARN_UNGUARDED_AVAILABILITY = YES_AGGRESSIVE;
				CLANG_WARN_UNREACHABLE_CODE = YES;
				CLANG_WARN__DUPLICATE_METHOD_MATCH = YES;
				COPY_PHASE_STRIP = NO;
				DEBUG_INFORMATION_FORMAT = "dwarf-with-dsym";
				ENABLE_NS_ASSERTIONS = NO;
				ENABLE_STRICT_OBJC_MSGSEND = YES;
				GCC_C_LANGUAGE_STANDARD = gnu11;
				GCC_NO_COMMON_BLOCKS = YES;
				GCC_WARN_64_TO_32_BIT_CONVERSION = YES;
				GCC_WARN_ABOUT_RETURN_TYPE = YES_ERROR;
				GCC_WARN_UNDECLARED_SELECTOR = YES;
				GCC_WARN_UNINITIALIZED_AUTOS = YES_AGGRESSIVE;
				GCC_WARN_UNUSED_FUNCTION = YES;
				GCC_WARN_UNUSED_VARIABLE = YES;
				IPHONEOS_DEPLOYMENT_TARGET = 16.2;
				MTL_ENABLE_DEBUG_INFO = NO;
				MTL_FAST_MATH = YES;
				SDKROOT = iphoneos;
				SWIFT_COMPILATION_MODE = wholemodule;
				SWIFT_OPTIMIZATION_LEVEL = "-O";
				VALIDATE_PRODUCT = YES;
			};
			name = Release;
		};
		5811D2F72B91ACB100CFDB63 /* Debug */ = {
			isa = XCBuildConfiguration;
			buildSettings = {
				ASSETCATALOG_COMPILER_APPICON_NAME = AppIcon;
				ASSETCATALOG_COMPILER_GLOBAL_ACCENT_COLOR_NAME = AccentColor;
				CODE_SIGN_STYLE = Automatic;
				CURRENT_PROJECT_VERSION = 1;
				DEVELOPMENT_TEAM = 6NZDML3UK3;
				GENERATE_INFOPLIST_FILE = YES;
				INFOPLIST_FILE = Inspire/Info.plist;
				INFOPLIST_KEY_UIApplicationSupportsIndirectInputEvents = YES;
				INFOPLIST_KEY_UILaunchStoryboardName = LaunchScreen;
				INFOPLIST_KEY_UIMainStoryboardFile = Main;
				INFOPLIST_KEY_UISupportedInterfaceOrientations_iPad = "UIInterfaceOrientationPortrait UIInterfaceOrientationPortraitUpsideDown UIInterfaceOrientationLandscapeLeft UIInterfaceOrientationLandscapeRight";
				INFOPLIST_KEY_UISupportedInterfaceOrientations_iPhone = "UIInterfaceOrientationPortrait UIInterfaceOrientationLandscapeLeft UIInterfaceOrientationLandscapeRight";
				LD_RUNPATH_SEARCH_PATHS = (
					"$(inherited)",
					"@executable_path/Frameworks",
				);
				MARKETING_VERSION = 1.0;
				PRODUCT_BUNDLE_IDENTIFIER = com.badalaryal.Inspire;
				PRODUCT_NAME = "$(TARGET_NAME)";
				SWIFT_EMIT_LOC_STRINGS = YES;
				SWIFT_VERSION = 5.0;
				TARGETED_DEVICE_FAMILY = "1,2";
			};
			name = Debug;
		};
		5811D2F82B91ACB100CFDB63 /* Release */ = {
			isa = XCBuildConfiguration;
			buildSettings = {
				ASSETCATALOG_COMPILER_APPICON_NAME = AppIcon;
				ASSETCATALOG_COMPILER_GLOBAL_ACCENT_COLOR_NAME = AccentColor;
				CODE_SIGN_STYLE = Automatic;
				CURRENT_PROJECT_VERSION = 1;
				DEVELOPMENT_TEAM = 6NZDML3UK3;
				GENERATE_INFOPLIST_FILE = YES;
				INFOPLIST_FILE = Inspire/Info.plist;
				INFOPLIST_KEY_UIApplicationSupportsIndirectInputEvents = YES;
				INFOPLIST_KEY_UILaunchStoryboardName = LaunchScreen;
				INFOPLIST_KEY_UIMainStoryboardFile = Main;
				INFOPLIST_KEY_UISupportedInterfaceOrientations_iPad = "UIInterfaceOrientationPortrait UIInterfaceOrientationPortraitUpsideDown UIInterfaceOrientationLandscapeLeft UIInterfaceOrientationLandscapeRight";
				INFOPLIST_KEY_UISupportedInterfaceOrientations_iPhone = "UIInterfaceOrientationPortrait UIInterfaceOrientationLandscapeLeft UIInterfaceOrientationLandscapeRight";
				LD_RUNPATH_SEARCH_PATHS = (
					"$(inherited)",
					"@executable_path/Frameworks",
				);
				MARKETING_VERSION = 1.0;
				PRODUCT_BUNDLE_IDENTIFIER = com.badalaryal.Inspire;
				PRODUCT_NAME = "$(TARGET_NAME)";
				SWIFT_EMIT_LOC_STRINGS = YES;
				SWIFT_VERSION = 5.0;
				TARGETED_DEVICE_FAMILY = "1,2";
			};
			name = Release;
		};
/* End XCBuildConfiguration section */

/* Begin XCConfigurationList section */
		5811D2DA2B91ACAD00CFDB63 /* Build configuration list for PBXProject "Inspire" */ = {
			isa = XCConfigurationList;
			buildConfigurations = (
				5811D2F42B91ACB100CFDB63 /* Debug */,
				5811D2F52B91ACB100CFDB63 /* Release */,
			);
			defaultConfigurationIsVisible = 0;
			defaultConfigurationName = Release;
		};
		5811D2F62B91ACB100CFDB63 /* Build configuration list for PBXNativeTarget "Inspire" */ = {
			isa = XCConfigurationList;
			buildConfigurations = (
				5811D2F72B91ACB100CFDB63 /* Debug */,
				5811D2F82B91ACB100CFDB63 /* Release */,
			);
			defaultConfigurationIsVisible = 0;
			defaultConfigurationName = Release;
		};
/* End XCConfigurationList section */

/* Begin XCVersionGroup section */
		5811D2EB2B91ACAE00CFDB63 /* Inspire.xcdatamodeld */ = {
			isa = XCVersionGroup;
			children = (
				5811D2EC2B91ACAE00CFDB63 /* Inspire.xcdatamodel */,
			);
			currentVersion = 5811D2EC2B91ACAE00CFDB63 /* Inspire.xcdatamodel */;
			path = Inspire.xcdatamodeld;
			sourceTree = "<group>";
			versionGroupType = wrapper.xcdatamodel;
		};
/* End XCVersionGroup section */
	};
	rootObject = 5811D2D72B91ACAD00CFDB63 /* Project object */;
}
